{
    "_readme": [
        "This file locks the dependencies of your project to a known state",
        "Read more about it at http://getcomposer.org/doc/01-basic-usage.md#composer-lock-the-lock-file"
    ],
    "hash": "9844a5c6d59af2062f7e4c8bb7c7470e",
    "packages": [
        {
            "name": "fabpot/sphinx-php",
            "version": "dev-master",
            "source": {
                "type": "git",
                "url": "https://github.com/fabpot/sphinx-php.git",
                "reference": "fd08dec4e6efedfa406eb2631e654cacb366e96b"
            },
            "dist": {
                "type": "zip",
                "url": "https://api.github.com/repos/fabpot/sphinx-php/zipball/fd08dec4e6efedfa406eb2631e654cacb366e96b",
                "reference": "fd08dec4e6efedfa406eb2631e654cacb366e96b",
                "shasum": ""
            },
            "type": "library",
            "notification-url": "https://packagist.org/downloads/",
            "authors": [
                {
                    "name": "Fabien Potencier",
                    "email": "fabien@symfony.com"
                }
            ],
            "description": "Extension of Sphinx for PHP projects",
            "time": "2013-08-27 16:27:47"
        }
    ],
    "packages-dev": [

    ],
    "aliases": [

    ],
    "minimum-stability": "stable",
    "stability-flags": {
        "fabpot/sphinx-php": 20
    },
    "platform": [

    ],
    "platform-dev": [

    ]
}
