{
    "_readme": [
        "This file locks the dependencies of your project to a known state",
        "Read more about it at http://getcomposer.org/doc/01-basic-usage.md#composer-lock-the-lock-file"
    ],
    "hash": "9844a5c6d59af2062f7e4c8bb7c7470e",
    "packages": [
        {
            "name": "fabpot/sphinx-php",
            "version": "dev-master",
            "source": {
                "type": "git",
                "url": "https://github.com/fabpot/sphinx-php.git",
                "reference": "8481c930294ee29e0faeef7b506b8a6d46e46d0b"
            },
            "dist": {
                "type": "zip",
                "url": "https://api.github.com/repos/fabpot/sphinx-php/zipball/8481c930294ee29e0faeef7b506b8a6d46e46d0b",
                "reference": "8481c930294ee29e0faeef7b506b8a6d46e46d0b",
                "shasum": ""
            },
            "type": "library",
            "extra": {
                "branch-alias": {
                    "dev-master": "1.0-dev"
                }
            },
            "notification-url": "https://packagist.org/downloads/",
            "license": [
                "MIT"
            ],
            "authors": [
                {
                    "name": "Fabien Potencier",
                    "email": "fabien@symfony.com",
                    "homepage": "http://fabien.potencier.org",
                    "role": "Lead Developer"
                }
            ],
            "description": "Sphinx extension for PHP projects",
            "time": "2014-03-14 13:08:43"
        }
    ],
    "packages-dev": [

    ],
    "aliases": [

    ],
    "minimum-stability": "stable",
    "stability-flags": {
        "fabpot/sphinx-php": 20
    },
    "platform": [

    ],
    "platform-dev": [

    ]
}
